// !$*UTF8*$!
{
	archiveVersion = 1;
	classes = {
	};
	objectVersion = 46;
	objects = {

/* Begin PBXBuildFile section */
		0349F26315618B1900F5AEDB /* CoreLocation.framework in Frameworks */ = {isa = PBXBuildFile; fileRef = 0349F26215618B1900F5AEDB /* CoreLocation.framework */; };
		0349F26515618B2800F5AEDB /* CoreAudio.framework in Frameworks */ = {isa = PBXBuildFile; fileRef = 0349F26415618B2800F5AEDB /* CoreAudio.framework */; };
		0349F26715618B4C00F5AEDB /* AudioToolbox.framework in Frameworks */ = {isa = PBXBuildFile; fileRef = 0349F26615618B4C00F5AEDB /* AudioToolbox.framework */; };
		03E19D8515619AFE008DEF50 /* bearing.bundle in Resources */ = {isa = PBXBuildFile; fileRef = 03E19D7915619AFE008DEF50 /* bearing.bundle */; };
		03E19D8615619AFE008DEF50 /* BearingCore.m in Sources */ = {isa = PBXBuildFile; fileRef = 03E19D7B15619AFE008DEF50 /* BearingCore.m */; };
		03E19D8715619AFE008DEF50 /* CompassView.m in Sources */ = {isa = PBXBuildFile; fileRef = 03E19D7D15619AFE008DEF50 /* CompassView.m */; };
		03E19D8815619AFE008DEF50 /* DestinationViewController.m in Sources */ = {isa = PBXBuildFile; fileRef = 03E19D7F15619AFE008DEF50 /* DestinationViewController.m */; };
		03E19D8915619AFE008DEF50 /* Geiger.m in Sources */ = {isa = PBXBuildFile; fileRef = 03E19D8215619AFE008DEF50 /* Geiger.m */; };
		03E19D8A15619AFE008DEF50 /* Vibrator.m in Sources */ = {isa = PBXBuildFile; fileRef = 03E19D8415619AFE008DEF50 /* Vibrator.m */; };
		03E84209155810CC00E3C050 /* UIKit.framework in Frameworks */ = {isa = PBXBuildFile; fileRef = 03E84208155810CC00E3C050 /* UIKit.framework */; };
		03E8420B155810CC00E3C050 /* Foundation.framework in Frameworks */ = {isa = PBXBuildFile; fileRef = 03E8420A155810CC00E3C050 /* Foundation.framework */; };
		03E8420D155810CC00E3C050 /* CoreGraphics.framework in Frameworks */ = {isa = PBXBuildFile; fileRef = 03E8420C155810CC00E3C050 /* CoreGraphics.framework */; };
		03E84213155810CC00E3C050 /* InfoPlist.strings in Resources */ = {isa = PBXBuildFile; fileRef = 03E84211155810CC00E3C050 /* InfoPlist.strings */; };
		03E84215155810CC00E3C050 /* main.m in Sources */ = {isa = PBXBuildFile; fileRef = 03E84214155810CC00E3C050 /* main.m */; };
		03E84219155810CC00E3C050 /* JOAppDelegate.m in Sources */ = {isa = PBXBuildFile; fileRef = 03E84218155810CC00E3C050 /* JOAppDelegate.m */; };
		03E8421C155810CC00E3C050 /* JOViewController.m in Sources */ = {isa = PBXBuildFile; fileRef = 03E8421B155810CC00E3C050 /* JOViewController.m */; };
		03E8421F155810CD00E3C050 /* JOViewController.xib in Resources */ = {isa = PBXBuildFile; fileRef = 03E8421D155810CD00E3C050 /* JOViewController.xib */; };
		03E84227155810CD00E3C050 /* SenTestingKit.framework in Frameworks */ = {isa = PBXBuildFile; fileRef = 03E84226155810CD00E3C050 /* SenTestingKit.framework */; };
		03E84228155810CD00E3C050 /* UIKit.framework in Frameworks */ = {isa = PBXBuildFile; fileRef = 03E84208155810CC00E3C050 /* UIKit.framework */; };
		03E84229155810CD00E3C050 /* Foundation.framework in Frameworks */ = {isa = PBXBuildFile; fileRef = 03E8420A155810CC00E3C050 /* Foundation.framework */; };
		03E84231155810CD00E3C050 /* InfoPlist.strings in Resources */ = {isa = PBXBuildFile; fileRef = 03E8422F155810CD00E3C050 /* InfoPlist.strings */; };
		03E84234155810CD00E3C050 /* Joined_API_iOSTests.m in Sources */ = {isa = PBXBuildFile; fileRef = 03E84233155810CD00E3C050 /* Joined_API_iOSTests.m */; };
		6F38AA5E15622BF6000958F0 /* UIImageView+AFNetworking.m in Sources */ = {isa = PBXBuildFile; fileRef = 6F38AA5D15622BF6000958F0 /* UIImageView+AFNetworking.m */; settings = {COMPILER_FLAGS = "-fno-objc-arc"; }; };
		6FB9A42715612490004A7645 /* JOFriendListViewController.m in Sources */ = {isa = PBXBuildFile; fileRef = 6FB9A42615612490004A7645 /* JOFriendListViewController.m */; };
		6FB9A42E15613028004A7645 /* JOFriendLocationViewController.m in Sources */ = {isa = PBXBuildFile; fileRef = 6FB9A42D15613028004A7645 /* JOFriendLocationViewController.m */; };
		6FB9A43115613145004A7645 /* MapViewAnnotation.m in Sources */ = {isa = PBXBuildFile; fileRef = 6FB9A43015613145004A7645 /* MapViewAnnotation.m */; };
		6FB9A433156131ED004A7645 /* MapKit.framework in Frameworks */ = {isa = PBXBuildFile; fileRef = 6FB9A432156131ED004A7645 /* MapKit.framework */; };
		6FB9A45A15613BA0004A7645 /* AFHTTPClient.m in Sources */ = {isa = PBXBuildFile; fileRef = 6FB9A43715613BA0004A7645 /* AFHTTPClient.m */; settings = {COMPILER_FLAGS = "-fno-objc-arc"; }; };
		6FB9A45B15613BA0004A7645 /* AFHTTPRequestOperation.m in Sources */ = {isa = PBXBuildFile; fileRef = 6FB9A43915613BA0004A7645 /* AFHTTPRequestOperation.m */; settings = {COMPILER_FLAGS = "-fno-objc-arc"; }; };
		6FB9A45C15613BA0004A7645 /* AFImageRequestOperation.m in Sources */ = {isa = PBXBuildFile; fileRef = 6FB9A43B15613BA0004A7645 /* AFImageRequestOperation.m */; settings = {COMPILER_FLAGS = "-fno-objc-arc"; }; };
		6FB9A45D15613BA0004A7645 /* AFJSONRequestOperation.m in Sources */ = {isa = PBXBuildFile; fileRef = 6FB9A43D15613BA0004A7645 /* AFJSONRequestOperation.m */; settings = {COMPILER_FLAGS = "-fno-objc-arc"; }; };
		6FB9A45E15613BA0004A7645 /* AFJSONUtilities.m in Sources */ = {isa = PBXBuildFile; fileRef = 6FB9A43F15613BA0004A7645 /* AFJSONUtilities.m */; settings = {COMPILER_FLAGS = "-fno-objc-arc"; }; };
		6FB9A45F15613BA0004A7645 /* AFNetworkActivityIndicatorManager.m in Sources */ = {isa = PBXBuildFile; fileRef = 6FB9A44115613BA0004A7645 /* AFNetworkActivityIndicatorManager.m */; settings = {COMPILER_FLAGS = "-fno-objc-arc"; }; };
		6FB9A46015613BA0004A7645 /* AFPropertyListRequestOperation.m in Sources */ = {isa = PBXBuildFile; fileRef = 6FB9A44415613BA0004A7645 /* AFPropertyListRequestOperation.m */; settings = {COMPILER_FLAGS = "-fno-objc-arc"; }; };
		6FB9A46115613BA0004A7645 /* AFURLConnectionOperation.m in Sources */ = {isa = PBXBuildFile; fileRef = 6FB9A44615613BA0004A7645 /* AFURLConnectionOperation.m */; settings = {COMPILER_FLAGS = "-fno-objc-arc"; }; };
		6FB9A46215613BA0004A7645 /* AFXMLRequestOperation.m in Sources */ = {isa = PBXBuildFile; fileRef = 6FB9A44815613BA0004A7645 /* AFXMLRequestOperation.m */; settings = {COMPILER_FLAGS = "-fno-objc-arc"; }; };
		6FB9A46315613BA0004A7645 /* JOJoinedHTTPClient.m in Sources */ = {isa = PBXBuildFile; fileRef = 6FB9A44E15613BA0004A7645 /* JOJoinedHTTPClient.m */; };
		6FB9A46415613BA0004A7645 /* JOJSONRequestOperation.m in Sources */ = {isa = PBXBuildFile; fileRef = 6FB9A45015613BA0004A7645 /* JOJSONRequestOperation.m */; };
		6FB9A46515613BA0004A7645 /* JONSString+easyHash.m in Sources */ = {isa = PBXBuildFile; fileRef = 6FB9A45215613BA0004A7645 /* JONSString+easyHash.m */; };
		6FB9A46615613BA0004A7645 /* JOClient.m in Sources */ = {isa = PBXBuildFile; fileRef = 6FB9A45415613BA0004A7645 /* JOClient.m */; };
		6FB9A46715613BA0004A7645 /* JOFriend.m in Sources */ = {isa = PBXBuildFile; fileRef = 6FB9A45715613BA0004A7645 /* JOFriend.m */; };
		6FB9A46815613BA0004A7645 /* JOUser.m in Sources */ = {isa = PBXBuildFile; fileRef = 6FB9A45915613BA0004A7645 /* JOUser.m */; };
/* End PBXBuildFile section */

/* Begin PBXContainerItemProxy section */
		03E8422A155810CD00E3C050 /* PBXContainerItemProxy */ = {
			isa = PBXContainerItemProxy;
			containerPortal = 03E841FB155810CC00E3C050 /* Project object */;
			proxyType = 1;
			remoteGlobalIDString = 03E84203155810CC00E3C050;
			remoteInfo = "Joined-API-iOS";
		};
/* End PBXContainerItemProxy section */

/* Begin PBXFileReference section */
		0349F26215618B1900F5AEDB /* CoreLocation.framework */ = {isa = PBXFileReference; lastKnownFileType = wrapper.framework; name = CoreLocation.framework; path = System/Library/Frameworks/CoreLocation.framework; sourceTree = SDKROOT; };
		0349F26415618B2800F5AEDB /* CoreAudio.framework */ = {isa = PBXFileReference; lastKnownFileType = wrapper.framework; name = CoreAudio.framework; path = System/Library/Frameworks/CoreAudio.framework; sourceTree = SDKROOT; };
		0349F26615618B4C00F5AEDB /* AudioToolbox.framework */ = {isa = PBXFileReference; lastKnownFileType = wrapper.framework; name = AudioToolbox.framework; path = System/Library/Frameworks/AudioToolbox.framework; sourceTree = SDKROOT; };
		03E19D7915619AFE008DEF50 /* bearing.bundle */ = {isa = PBXFileReference; lastKnownFileType = "wrapper.plug-in"; name = bearing.bundle; path = JoinedBearingAPI/bearing.bundle; sourceTree = "<group>"; };
		03E19D7A15619AFE008DEF50 /* BearingCore.h */ = {isa = PBXFileReference; fileEncoding = 4; lastKnownFileType = sourcecode.c.h; name = BearingCore.h; path = JoinedBearingAPI/BearingCore.h; sourceTree = "<group>"; };
		03E19D7B15619AFE008DEF50 /* BearingCore.m */ = {isa = PBXFileReference; fileEncoding = 4; lastKnownFileType = sourcecode.c.objc; name = BearingCore.m; path = JoinedBearingAPI/BearingCore.m; sourceTree = "<group>"; };
		03E19D7C15619AFE008DEF50 /* CompassView.h */ = {isa = PBXFileReference; fileEncoding = 4; lastKnownFileType = sourcecode.c.h; name = CompassView.h; path = JoinedBearingAPI/CompassView.h; sourceTree = "<group>"; };
		03E19D7D15619AFE008DEF50 /* CompassView.m */ = {isa = PBXFileReference; fileEncoding = 4; lastKnownFileType = sourcecode.c.objc; name = CompassView.m; path = JoinedBearingAPI/CompassView.m; sourceTree = "<group>"; };
		03E19D7E15619AFE008DEF50 /* DestinationViewController.h */ = {isa = PBXFileReference; fileEncoding = 4; lastKnownFileType = sourcecode.c.h; name = DestinationViewController.h; path = JoinedBearingAPI/DestinationViewController.h; sourceTree = "<group>"; };
		03E19D7F15619AFE008DEF50 /* DestinationViewController.m */ = {isa = PBXFileReference; fileEncoding = 4; lastKnownFileType = sourcecode.c.objc; name = DestinationViewController.m; path = JoinedBearingAPI/DestinationViewController.m; sourceTree = "<group>"; };
		03E19D8015619AFE008DEF50 /* DeviationDelegate.h */ = {isa = PBXFileReference; fileEncoding = 4; lastKnownFileType = sourcecode.c.h; name = DeviationDelegate.h; path = JoinedBearingAPI/DeviationDelegate.h; sourceTree = "<group>"; };
		03E19D8115619AFE008DEF50 /* Geiger.h */ = {isa = PBXFileReference; fileEncoding = 4; lastKnownFileType = sourcecode.c.h; name = Geiger.h; path = JoinedBearingAPI/Geiger.h; sourceTree = "<group>"; };
		03E19D8215619AFE008DEF50 /* Geiger.m */ = {isa = PBXFileReference; fileEncoding = 4; lastKnownFileType = sourcecode.c.objc; name = Geiger.m; path = JoinedBearingAPI/Geiger.m; sourceTree = "<group>"; };
		03E19D8315619AFE008DEF50 /* Vibrator.h */ = {isa = PBXFileReference; fileEncoding = 4; lastKnownFileType = sourcecode.c.h; name = Vibrator.h; path = JoinedBearingAPI/Vibrator.h; sourceTree = "<group>"; };
		03E19D8415619AFE008DEF50 /* Vibrator.m */ = {isa = PBXFileReference; fileEncoding = 4; lastKnownFileType = sourcecode.c.objc; name = Vibrator.m; path = JoinedBearingAPI/Vibrator.m; sourceTree = "<group>"; };
		03E84204155810CC00E3C050 /* Joined-API-iOS.app */ = {isa = PBXFileReference; explicitFileType = wrapper.application; includeInIndex = 0; path = "Joined-API-iOS.app"; sourceTree = BUILT_PRODUCTS_DIR; };
		03E84208155810CC00E3C050 /* UIKit.framework */ = {isa = PBXFileReference; lastKnownFileType = wrapper.framework; name = UIKit.framework; path = System/Library/Frameworks/UIKit.framework; sourceTree = SDKROOT; };
		03E8420A155810CC00E3C050 /* Foundation.framework */ = {isa = PBXFileReference; lastKnownFileType = wrapper.framework; name = Foundation.framework; path = System/Library/Frameworks/Foundation.framework; sourceTree = SDKROOT; };
		03E8420C155810CC00E3C050 /* CoreGraphics.framework */ = {isa = PBXFileReference; lastKnownFileType = wrapper.framework; name = CoreGraphics.framework; path = System/Library/Frameworks/CoreGraphics.framework; sourceTree = SDKROOT; };
		03E84210155810CC00E3C050 /* Joined-API-iOS-Info.plist */ = {isa = PBXFileReference; lastKnownFileType = text.plist.xml; path = "Joined-API-iOS-Info.plist"; sourceTree = "<group>"; };
		03E84212155810CC00E3C050 /* en */ = {isa = PBXFileReference; lastKnownFileType = text.plist.strings; name = en; path = en.lproj/InfoPlist.strings; sourceTree = "<group>"; };
		03E84214155810CC00E3C050 /* main.m */ = {isa = PBXFileReference; lastKnownFileType = sourcecode.c.objc; path = main.m; sourceTree = "<group>"; };
		03E84216155810CC00E3C050 /* Joined-API-iOS-Prefix.pch */ = {isa = PBXFileReference; lastKnownFileType = sourcecode.c.h; path = "Joined-API-iOS-Prefix.pch"; sourceTree = "<group>"; };
		03E84217155810CC00E3C050 /* JOAppDelegate.h */ = {isa = PBXFileReference; lastKnownFileType = sourcecode.c.h; path = JOAppDelegate.h; sourceTree = "<group>"; };
		03E84218155810CC00E3C050 /* JOAppDelegate.m */ = {isa = PBXFileReference; lastKnownFileType = sourcecode.c.objc; path = JOAppDelegate.m; sourceTree = "<group>"; };
		03E8421A155810CC00E3C050 /* JOViewController.h */ = {isa = PBXFileReference; lastKnownFileType = sourcecode.c.h; path = JOViewController.h; sourceTree = "<group>"; };
		03E8421B155810CC00E3C050 /* JOViewController.m */ = {isa = PBXFileReference; lastKnownFileType = sourcecode.c.objc; path = JOViewController.m; sourceTree = "<group>"; };
		03E8421E155810CD00E3C050 /* en */ = {isa = PBXFileReference; lastKnownFileType = file.xib; name = en; path = en.lproj/JOViewController.xib; sourceTree = "<group>"; };
		03E84225155810CD00E3C050 /* Joined-API-iOSTests.octest */ = {isa = PBXFileReference; explicitFileType = wrapper.cfbundle; includeInIndex = 0; path = "Joined-API-iOSTests.octest"; sourceTree = BUILT_PRODUCTS_DIR; };
		03E84226155810CD00E3C050 /* SenTestingKit.framework */ = {isa = PBXFileReference; lastKnownFileType = wrapper.framework; name = SenTestingKit.framework; path = Library/Frameworks/SenTestingKit.framework; sourceTree = DEVELOPER_DIR; };
		03E8422E155810CD00E3C050 /* Joined-API-iOSTests-Info.plist */ = {isa = PBXFileReference; lastKnownFileType = text.plist.xml; path = "Joined-API-iOSTests-Info.plist"; sourceTree = "<group>"; };
		03E84230155810CD00E3C050 /* en */ = {isa = PBXFileReference; lastKnownFileType = text.plist.strings; name = en; path = en.lproj/InfoPlist.strings; sourceTree = "<group>"; };
		03E84232155810CD00E3C050 /* Joined_API_iOSTests.h */ = {isa = PBXFileReference; lastKnownFileType = sourcecode.c.h; path = Joined_API_iOSTests.h; sourceTree = "<group>"; };
		03E84233155810CD00E3C050 /* Joined_API_iOSTests.m */ = {isa = PBXFileReference; lastKnownFileType = sourcecode.c.objc; path = Joined_API_iOSTests.m; sourceTree = "<group>"; };
		6F38AA5C15622BF6000958F0 /* UIImageView+AFNetworking.h */ = {isa = PBXFileReference; fileEncoding = 4; lastKnownFileType = sourcecode.c.h; path = "UIImageView+AFNetworking.h"; sourceTree = "<group>"; };
		6F38AA5D15622BF6000958F0 /* UIImageView+AFNetworking.m */ = {isa = PBXFileReference; fileEncoding = 4; lastKnownFileType = sourcecode.c.objc; path = "UIImageView+AFNetworking.m"; sourceTree = "<group>"; };
		6FB9A42515612490004A7645 /* JOFriendListViewController.h */ = {isa = PBXFileReference; fileEncoding = 4; lastKnownFileType = sourcecode.c.h; path = JOFriendListViewController.h; sourceTree = "<group>"; };
		6FB9A42615612490004A7645 /* JOFriendListViewController.m */ = {isa = PBXFileReference; fileEncoding = 4; lastKnownFileType = sourcecode.c.objc; path = JOFriendListViewController.m; sourceTree = "<group>"; };
		6FB9A42C15613028004A7645 /* JOFriendLocationViewController.h */ = {isa = PBXFileReference; fileEncoding = 4; lastKnownFileType = sourcecode.c.h; path = JOFriendLocationViewController.h; sourceTree = "<group>"; };
		6FB9A42D15613028004A7645 /* JOFriendLocationViewController.m */ = {isa = PBXFileReference; fileEncoding = 4; lastKnownFileType = sourcecode.c.objc; path = JOFriendLocationViewController.m; sourceTree = "<group>"; };
		6FB9A42F15613145004A7645 /* MapViewAnnotation.h */ = {isa = PBXFileReference; fileEncoding = 4; lastKnownFileType = sourcecode.c.h; path = MapViewAnnotation.h; sourceTree = "<group>"; };
		6FB9A43015613145004A7645 /* MapViewAnnotation.m */ = {isa = PBXFileReference; fileEncoding = 4; lastKnownFileType = sourcecode.c.objc; path = MapViewAnnotation.m; sourceTree = "<group>"; };
		6FB9A432156131ED004A7645 /* MapKit.framework */ = {isa = PBXFileReference; lastKnownFileType = wrapper.framework; name = MapKit.framework; path = System/Library/Frameworks/MapKit.framework; sourceTree = SDKROOT; };
		6FB9A43615613BA0004A7645 /* AFHTTPClient.h */ = {isa = PBXFileReference; fileEncoding = 4; lastKnownFileType = sourcecode.c.h; path = AFHTTPClient.h; sourceTree = "<group>"; };
		6FB9A43715613BA0004A7645 /* AFHTTPClient.m */ = {isa = PBXFileReference; fileEncoding = 4; lastKnownFileType = sourcecode.c.objc; path = AFHTTPClient.m; sourceTree = "<group>"; };
		6FB9A43815613BA0004A7645 /* AFHTTPRequestOperation.h */ = {isa = PBXFileReference; fileEncoding = 4; lastKnownFileType = sourcecode.c.h; path = AFHTTPRequestOperation.h; sourceTree = "<group>"; };
		6FB9A43915613BA0004A7645 /* AFHTTPRequestOperation.m */ = {isa = PBXFileReference; fileEncoding = 4; lastKnownFileType = sourcecode.c.objc; path = AFHTTPRequestOperation.m; sourceTree = "<group>"; };
		6FB9A43A15613BA0004A7645 /* AFImageRequestOperation.h */ = {isa = PBXFileReference; fileEncoding = 4; lastKnownFileType = sourcecode.c.h; path = AFImageRequestOperation.h; sourceTree = "<group>"; };
		6FB9A43B15613BA0004A7645 /* AFImageRequestOperation.m */ = {isa = PBXFileReference; fileEncoding = 4; lastKnownFileType = sourcecode.c.objc; path = AFImageRequestOperation.m; sourceTree = "<group>"; };
		6FB9A43C15613BA0004A7645 /* AFJSONRequestOperation.h */ = {isa = PBXFileReference; fileEncoding = 4; lastKnownFileType = sourcecode.c.h; path = AFJSONRequestOperation.h; sourceTree = "<group>"; };
		6FB9A43D15613BA0004A7645 /* AFJSONRequestOperation.m */ = {isa = PBXFileReference; fileEncoding = 4; lastKnownFileType = sourcecode.c.objc; path = AFJSONRequestOperation.m; sourceTree = "<group>"; };
		6FB9A43E15613BA0004A7645 /* AFJSONUtilities.h */ = {isa = PBXFileReference; fileEncoding = 4; lastKnownFileType = sourcecode.c.h; path = AFJSONUtilities.h; sourceTree = "<group>"; };
		6FB9A43F15613BA0004A7645 /* AFJSONUtilities.m */ = {isa = PBXFileReference; fileEncoding = 4; lastKnownFileType = sourcecode.c.objc; path = AFJSONUtilities.m; sourceTree = "<group>"; };
		6FB9A44015613BA0004A7645 /* AFNetworkActivityIndicatorManager.h */ = {isa = PBXFileReference; fileEncoding = 4; lastKnownFileType = sourcecode.c.h; path = AFNetworkActivityIndicatorManager.h; sourceTree = "<group>"; };
		6FB9A44115613BA0004A7645 /* AFNetworkActivityIndicatorManager.m */ = {isa = PBXFileReference; fileEncoding = 4; lastKnownFileType = sourcecode.c.objc; path = AFNetworkActivityIndicatorManager.m; sourceTree = "<group>"; };
		6FB9A44215613BA0004A7645 /* AFNetworking.h */ = {isa = PBXFileReference; fileEncoding = 4; lastKnownFileType = sourcecode.c.h; path = AFNetworking.h; sourceTree = "<group>"; };
		6FB9A44315613BA0004A7645 /* AFPropertyListRequestOperation.h */ = {isa = PBXFileReference; fileEncoding = 4; lastKnownFileType = sourcecode.c.h; path = AFPropertyListRequestOperation.h; sourceTree = "<group>"; };
		6FB9A44415613BA0004A7645 /* AFPropertyListRequestOperation.m */ = {isa = PBXFileReference; fileEncoding = 4; lastKnownFileType = sourcecode.c.objc; path = AFPropertyListRequestOperation.m; sourceTree = "<group>"; };
		6FB9A44515613BA0004A7645 /* AFURLConnectionOperation.h */ = {isa = PBXFileReference; fileEncoding = 4; lastKnownFileType = sourcecode.c.h; path = AFURLConnectionOperation.h; sourceTree = "<group>"; };
		6FB9A44615613BA0004A7645 /* AFURLConnectionOperation.m */ = {isa = PBXFileReference; fileEncoding = 4; lastKnownFileType = sourcecode.c.objc; path = AFURLConnectionOperation.m; sourceTree = "<group>"; };
		6FB9A44715613BA0004A7645 /* AFXMLRequestOperation.h */ = {isa = PBXFileReference; fileEncoding = 4; lastKnownFileType = sourcecode.c.h; path = AFXMLRequestOperation.h; sourceTree = "<group>"; };
		6FB9A44815613BA0004A7645 /* AFXMLRequestOperation.m */ = {isa = PBXFileReference; fileEncoding = 4; lastKnownFileType = sourcecode.c.objc; path = AFXMLRequestOperation.m; sourceTree = "<group>"; };
		6FB9A44B15613BA0004A7645 /* JOConfig.h */ = {isa = PBXFileReference; fileEncoding = 4; lastKnownFileType = sourcecode.c.h; path = JOConfig.h; sourceTree = "<group>"; };
		6FB9A44D15613BA0004A7645 /* JOJoinedHTTPClient.h */ = {isa = PBXFileReference; fileEncoding = 4; lastKnownFileType = sourcecode.c.h; path = JOJoinedHTTPClient.h; sourceTree = "<group>"; };
		6FB9A44E15613BA0004A7645 /* JOJoinedHTTPClient.m */ = {isa = PBXFileReference; fileEncoding = 4; lastKnownFileType = sourcecode.c.objc; path = JOJoinedHTTPClient.m; sourceTree = "<group>"; };
		6FB9A44F15613BA0004A7645 /* JOJSONRequestOperation.h */ = {isa = PBXFileReference; fileEncoding = 4; lastKnownFileType = sourcecode.c.h; path = JOJSONRequestOperation.h; sourceTree = "<group>"; };
		6FB9A45015613BA0004A7645 /* JOJSONRequestOperation.m */ = {isa = PBXFileReference; fileEncoding = 4; lastKnownFileType = sourcecode.c.objc; path = JOJSONRequestOperation.m; sourceTree = "<group>"; };
		6FB9A45115613BA0004A7645 /* JONSString+easyHash.h */ = {isa = PBXFileReference; fileEncoding = 4; lastKnownFileType = sourcecode.c.h; path = "JONSString+easyHash.h"; sourceTree = "<group>"; };
		6FB9A45215613BA0004A7645 /* JONSString+easyHash.m */ = {isa = PBXFileReference; fileEncoding = 4; lastKnownFileType = sourcecode.c.objc; path = "JONSString+easyHash.m"; sourceTree = "<group>"; };
		6FB9A45315613BA0004A7645 /* JOClient.h */ = {isa = PBXFileReference; fileEncoding = 4; lastKnownFileType = sourcecode.c.h; path = JOClient.h; sourceTree = "<group>"; };
		6FB9A45415613BA0004A7645 /* JOClient.m */ = {isa = PBXFileReference; fileEncoding = 4; lastKnownFileType = sourcecode.c.objc; path = JOClient.m; sourceTree = "<group>"; };
		6FB9A45615613BA0004A7645 /* JOFriend.h */ = {isa = PBXFileReference; fileEncoding = 4; lastKnownFileType = sourcecode.c.h; path = JOFriend.h; sourceTree = "<group>"; };
		6FB9A45715613BA0004A7645 /* JOFriend.m */ = {isa = PBXFileReference; fileEncoding = 4; lastKnownFileType = sourcecode.c.objc; path = JOFriend.m; sourceTree = "<group>"; };
		6FB9A45815613BA0004A7645 /* JOUser.h */ = {isa = PBXFileReference; fileEncoding = 4; lastKnownFileType = sourcecode.c.h; path = JOUser.h; sourceTree = "<group>"; };
		6FB9A45915613BA0004A7645 /* JOUser.m */ = {isa = PBXFileReference; fileEncoding = 4; lastKnownFileType = sourcecode.c.objc; path = JOUser.m; sourceTree = "<group>"; };
/* End PBXFileReference section */

/* Begin PBXFrameworksBuildPhase section */
		03E84201155810CC00E3C050 /* Frameworks */ = {
			isa = PBXFrameworksBuildPhase;
			buildActionMask = 2147483647;
			files = (
				0349F26715618B4C00F5AEDB /* AudioToolbox.framework in Frameworks */,
				0349F26515618B2800F5AEDB /* CoreAudio.framework in Frameworks */,
				0349F26315618B1900F5AEDB /* CoreLocation.framework in Frameworks */,
				6FB9A433156131ED004A7645 /* MapKit.framework in Frameworks */,
				03E84209155810CC00E3C050 /* UIKit.framework in Frameworks */,
				03E8420B155810CC00E3C050 /* Foundation.framework in Frameworks */,
				03E8420D155810CC00E3C050 /* CoreGraphics.framework in Frameworks */,
			);
			runOnlyForDeploymentPostprocessing = 0;
		};
		03E84221155810CD00E3C050 /* Frameworks */ = {
			isa = PBXFrameworksBuildPhase;
			buildActionMask = 2147483647;
			files = (
				03E84227155810CD00E3C050 /* SenTestingKit.framework in Frameworks */,
				03E84228155810CD00E3C050 /* UIKit.framework in Frameworks */,
				03E84229155810CD00E3C050 /* Foundation.framework in Frameworks */,
			);
			runOnlyForDeploymentPostprocessing = 0;
		};
/* End PBXFrameworksBuildPhase section */

/* Begin PBXGroup section */
		0349F1FA1561867B00F5AEDB /* JoinedBearingAPI */ = {
			isa = PBXGroup;
			children = (
				03E19D7915619AFE008DEF50 /* bearing.bundle */,
				03E19D7A15619AFE008DEF50 /* BearingCore.h */,
				03E19D7B15619AFE008DEF50 /* BearingCore.m */,
				03E19D7C15619AFE008DEF50 /* CompassView.h */,
				03E19D7D15619AFE008DEF50 /* CompassView.m */,
				03E19D7E15619AFE008DEF50 /* DestinationViewController.h */,
				03E19D7F15619AFE008DEF50 /* DestinationViewController.m */,
				03E19D8015619AFE008DEF50 /* DeviationDelegate.h */,
				03E19D8115619AFE008DEF50 /* Geiger.h */,
				03E19D8215619AFE008DEF50 /* Geiger.m */,
				03E19D8315619AFE008DEF50 /* Vibrator.h */,
				03E19D8415619AFE008DEF50 /* Vibrator.m */,
			);
			name = JoinedBearingAPI;
			sourceTree = "<group>";
		};
		03E841F9155810CC00E3C050 = {
			isa = PBXGroup;
			children = (
				0349F26615618B4C00F5AEDB /* AudioToolbox.framework */,
				0349F26415618B2800F5AEDB /* CoreAudio.framework */,
				0349F26215618B1900F5AEDB /* CoreLocation.framework */,
				6FB9A432156131ED004A7645 /* MapKit.framework */,
				03E8420E155810CC00E3C050 /* Joined-API-iOS */,
				03E8422C155810CD00E3C050 /* Joined-API-iOSTests */,
				03E84207155810CC00E3C050 /* Frameworks */,
				03E84205155810CC00E3C050 /* Products */,
			);
			sourceTree = "<group>";
		};
		03E84205155810CC00E3C050 /* Products */ = {
			isa = PBXGroup;
			children = (
				03E84204155810CC00E3C050 /* Joined-API-iOS.app */,
				03E84225155810CD00E3C050 /* Joined-API-iOSTests.octest */,
			);
			name = Products;
			sourceTree = "<group>";
		};
		03E84207155810CC00E3C050 /* Frameworks */ = {
			isa = PBXGroup;
			children = (
				03E84208155810CC00E3C050 /* UIKit.framework */,
				03E8420A155810CC00E3C050 /* Foundation.framework */,
				03E8420C155810CC00E3C050 /* CoreGraphics.framework */,
				03E84226155810CD00E3C050 /* SenTestingKit.framework */,
			);
			name = Frameworks;
			sourceTree = "<group>";
		};
		03E8420E155810CC00E3C050 /* Joined-API-iOS */ = {
			isa = PBXGroup;
			children = (
				6FB9A43415613BA0004A7645 /* External */,
				0349F1FA1561867B00F5AEDB /* JoinedBearingAPI */,
				6FB9A44915613BA0004A7645 /* JoinedServerAPI */,
				6FB9A42F15613145004A7645 /* MapViewAnnotation.h */,
				6FB9A43015613145004A7645 /* MapViewAnnotation.m */,
				6FB9A42C15613028004A7645 /* JOFriendLocationViewController.h */,
				6FB9A42D15613028004A7645 /* JOFriendLocationViewController.m */,
				6FB9A42515612490004A7645 /* JOFriendListViewController.h */,
				6FB9A42615612490004A7645 /* JOFriendListViewController.m */,
				03E84217155810CC00E3C050 /* JOAppDelegate.h */,
				03E84218155810CC00E3C050 /* JOAppDelegate.m */,
				03E8421A155810CC00E3C050 /* JOViewController.h */,
				03E8421B155810CC00E3C050 /* JOViewController.m */,
				03E8421D155810CD00E3C050 /* JOViewController.xib */,
				03E8420F155810CC00E3C050 /* Supporting Files */,
			);
			path = "Joined-API-iOS";
			sourceTree = "<group>";
		};
		03E8420F155810CC00E3C050 /* Supporting Files */ = {
			isa = PBXGroup;
			children = (
				03E84210155810CC00E3C050 /* Joined-API-iOS-Info.plist */,
				03E84211155810CC00E3C050 /* InfoPlist.strings */,
				03E84214155810CC00E3C050 /* main.m */,
				03E84216155810CC00E3C050 /* Joined-API-iOS-Prefix.pch */,
			);
			name = "Supporting Files";
			sourceTree = "<group>";
		};
		03E8422C155810CD00E3C050 /* Joined-API-iOSTests */ = {
			isa = PBXGroup;
			children = (
				03E84232155810CD00E3C050 /* Joined_API_iOSTests.h */,
				03E84233155810CD00E3C050 /* Joined_API_iOSTests.m */,
				03E8422D155810CD00E3C050 /* Supporting Files */,
			);
			path = "Joined-API-iOSTests";
			sourceTree = "<group>";
		};
		03E8422D155810CD00E3C050 /* Supporting Files */ = {
			isa = PBXGroup;
			children = (
				03E8422E155810CD00E3C050 /* Joined-API-iOSTests-Info.plist */,
				03E8422F155810CD00E3C050 /* InfoPlist.strings */,
			);
			name = "Supporting Files";
			sourceTree = "<group>";
		};
		6FB9A43415613BA0004A7645 /* External */ = {
			isa = PBXGroup;
			children = (
				6FB9A43515613BA0004A7645 /* AFNetworking */,
			);
			path = External;
			sourceTree = "<group>";
		};
		6FB9A43515613BA0004A7645 /* AFNetworking */ = {
			isa = PBXGroup;
			children = (
				6F38AA5C15622BF6000958F0 /* UIImageView+AFNetworking.h */,
				6F38AA5D15622BF6000958F0 /* UIImageView+AFNetworking.m */,
				6FB9A43615613BA0004A7645 /* AFHTTPClient.h */,
				6FB9A43715613BA0004A7645 /* AFHTTPClient.m */,
				6FB9A43815613BA0004A7645 /* AFHTTPRequestOperation.h */,
				6FB9A43915613BA0004A7645 /* AFHTTPRequestOperation.m */,
				6FB9A43A15613BA0004A7645 /* AFImageRequestOperation.h */,
				6FB9A43B15613BA0004A7645 /* AFImageRequestOperation.m */,
				6FB9A43C15613BA0004A7645 /* AFJSONRequestOperation.h */,
				6FB9A43D15613BA0004A7645 /* AFJSONRequestOperation.m */,
				6FB9A43E15613BA0004A7645 /* AFJSONUtilities.h */,
				6FB9A43F15613BA0004A7645 /* AFJSONUtilities.m */,
				6FB9A44015613BA0004A7645 /* AFNetworkActivityIndicatorManager.h */,
				6FB9A44115613BA0004A7645 /* AFNetworkActivityIndicatorManager.m */,
				6FB9A44215613BA0004A7645 /* AFNetworking.h */,
				6FB9A44315613BA0004A7645 /* AFPropertyListRequestOperation.h */,
				6FB9A44415613BA0004A7645 /* AFPropertyListRequestOperation.m */,
				6FB9A44515613BA0004A7645 /* AFURLConnectionOperation.h */,
				6FB9A44615613BA0004A7645 /* AFURLConnectionOperation.m */,
				6FB9A44715613BA0004A7645 /* AFXMLRequestOperation.h */,
				6FB9A44815613BA0004A7645 /* AFXMLRequestOperation.m */,
			);
			path = AFNetworking;
			sourceTree = "<group>";
		};
		6FB9A44915613BA0004A7645 /* JoinedServerAPI */ = {
			isa = PBXGroup;
			children = (
				6FB9A45515613BA0004A7645 /* Model */,
				6FB9A44A15613BA0004A7645 /* Config */,
				6FB9A44C15613BA0004A7645 /* General */,
				6FB9A45315613BA0004A7645 /* JOClient.h */,
				6FB9A45415613BA0004A7645 /* JOClient.m */,
			);
			path = JoinedServerAPI;
			sourceTree = "<group>";
		};
		6FB9A44A15613BA0004A7645 /* Config */ = {
			isa = PBXGroup;
			children = (
				6FB9A44B15613BA0004A7645 /* JOConfig.h */,
			);
			path = Config;
			sourceTree = "<group>";
		};
		6FB9A44C15613BA0004A7645 /* General */ = {
			isa = PBXGroup;
			children = (
				6FB9A44D15613BA0004A7645 /* JOJoinedHTTPClient.h */,
				6FB9A44E15613BA0004A7645 /* JOJoinedHTTPClient.m */,
				6FB9A44F15613BA0004A7645 /* JOJSONRequestOperation.h */,
				6FB9A45015613BA0004A7645 /* JOJSONRequestOperation.m */,
				6FB9A45115613BA0004A7645 /* JONSString+easyHash.h */,
				6FB9A45215613BA0004A7645 /* JONSString+easyHash.m */,
			);
			path = General;
			sourceTree = "<group>";
		};
		6FB9A45515613BA0004A7645 /* Model */ = {
			isa = PBXGroup;
			children = (
				6FB9A45615613BA0004A7645 /* JOFriend.h */,
				6FB9A45715613BA0004A7645 /* JOFriend.m */,
				6FB9A45815613BA0004A7645 /* JOUser.h */,
				6FB9A45915613BA0004A7645 /* JOUser.m */,
			);
			path = Model;
			sourceTree = "<group>";
		};
/* End PBXGroup section */

/* Begin PBXNativeTarget section */
		03E84203155810CC00E3C050 /* Joined-API-iOS */ = {
			isa = PBXNativeTarget;
			buildConfigurationList = 03E84237155810CD00E3C050 /* Build configuration list for PBXNativeTarget "Joined-API-iOS" */;
			buildPhases = (
				03E84200155810CC00E3C050 /* Sources */,
				03E84201155810CC00E3C050 /* Frameworks */,
				03E84202155810CC00E3C050 /* Resources */,
			);
			buildRules = (
			);
			dependencies = (
			);
			name = "Joined-API-iOS";
			productName = "Joined-API-iOS";
			productReference = 03E84204155810CC00E3C050 /* Joined-API-iOS.app */;
			productType = "com.apple.product-type.application";
		};
		03E84224155810CD00E3C050 /* Joined-API-iOSTests */ = {
			isa = PBXNativeTarget;
			buildConfigurationList = 03E8423A155810CD00E3C050 /* Build configuration list for PBXNativeTarget "Joined-API-iOSTests" */;
			buildPhases = (
				03E84220155810CD00E3C050 /* Sources */,
				03E84221155810CD00E3C050 /* Frameworks */,
				03E84222155810CD00E3C050 /* Resources */,
				03E84223155810CD00E3C050 /* ShellScript */,
			);
			buildRules = (
			);
			dependencies = (
				03E8422B155810CD00E3C050 /* PBXTargetDependency */,
			);
			name = "Joined-API-iOSTests";
			productName = "Joined-API-iOSTests";
			productReference = 03E84225155810CD00E3C050 /* Joined-API-iOSTests.octest */;
			productType = "com.apple.product-type.bundle";
		};
/* End PBXNativeTarget section */

/* Begin PBXProject section */
		03E841FB155810CC00E3C050 /* Project object */ = {
			isa = PBXProject;
			attributes = {
				CLASSPREFIX = JO;
				LastUpgradeCheck = 0430;
				ORGANIZATIONNAME = "GeoMobile GmbH";
			};
			buildConfigurationList = 03E841FE155810CC00E3C050 /* Build configuration list for PBXProject "Joined-API-iOS" */;
			compatibilityVersion = "Xcode 3.2";
			developmentRegion = English;
			hasScannedForEncodings = 0;
			knownRegions = (
				en,
			);
			mainGroup = 03E841F9155810CC00E3C050;
			productRefGroup = 03E84205155810CC00E3C050 /* Products */;
			projectDirPath = "";
			projectRoot = "";
			targets = (
				03E84203155810CC00E3C050 /* Joined-API-iOS */,
				03E84224155810CD00E3C050 /* Joined-API-iOSTests */,
			);
		};
/* End PBXProject section */

/* Begin PBXResourcesBuildPhase section */
		03E84202155810CC00E3C050 /* Resources */ = {
			isa = PBXResourcesBuildPhase;
			buildActionMask = 2147483647;
			files = (
				03E84213155810CC00E3C050 /* InfoPlist.strings in Resources */,
				03E8421F155810CD00E3C050 /* JOViewController.xib in Resources */,
				03E19D8515619AFE008DEF50 /* bearing.bundle in Resources */,
			);
			runOnlyForDeploymentPostprocessing = 0;
		};
		03E84222155810CD00E3C050 /* Resources */ = {
			isa = PBXResourcesBuildPhase;
			buildActionMask = 2147483647;
			files = (
				03E84231155810CD00E3C050 /* InfoPlist.strings in Resources */,
			);
			runOnlyForDeploymentPostprocessing = 0;
		};
/* End PBXResourcesBuildPhase section */

/* Begin PBXShellScriptBuildPhase section */
		03E84223155810CD00E3C050 /* ShellScript */ = {
			isa = PBXShellScriptBuildPhase;
			buildActionMask = 2147483647;
			files = (
			);
			inputPaths = (
			);
			outputPaths = (
			);
			runOnlyForDeploymentPostprocessing = 0;
			shellPath = /bin/sh;
			shellScript = "# Run the unit tests in this test bundle.\n\"${SYSTEM_DEVELOPER_DIR}/Tools/RunUnitTests\"\n";
		};
/* End PBXShellScriptBuildPhase section */

/* Begin PBXSourcesBuildPhase section */
		03E84200155810CC00E3C050 /* Sources */ = {
			isa = PBXSourcesBuildPhase;
			buildActionMask = 2147483647;
			files = (
				03E84215155810CC00E3C050 /* main.m in Sources */,
				03E84219155810CC00E3C050 /* JOAppDelegate.m in Sources */,
				03E8421C155810CC00E3C050 /* JOViewController.m in Sources */,
				6FB9A42715612490004A7645 /* JOFriendListViewController.m in Sources */,
				6FB9A42E15613028004A7645 /* JOFriendLocationViewController.m in Sources */,
				6FB9A43115613145004A7645 /* MapViewAnnotation.m in Sources */,
				6FB9A45A15613BA0004A7645 /* AFHTTPClient.m in Sources */,
				6FB9A45B15613BA0004A7645 /* AFHTTPRequestOperation.m in Sources */,
				6FB9A45C15613BA0004A7645 /* AFImageRequestOperation.m in Sources */,
				6FB9A45D15613BA0004A7645 /* AFJSONRequestOperation.m in Sources */,
				6FB9A45E15613BA0004A7645 /* AFJSONUtilities.m in Sources */,
				6FB9A45F15613BA0004A7645 /* AFNetworkActivityIndicatorManager.m in Sources */,
				6FB9A46015613BA0004A7645 /* AFPropertyListRequestOperation.m in Sources */,
				6FB9A46115613BA0004A7645 /* AFURLConnectionOperation.m in Sources */,
				6FB9A46215613BA0004A7645 /* AFXMLRequestOperation.m in Sources */,
				6FB9A46315613BA0004A7645 /* JOJoinedHTTPClient.m in Sources */,
				6FB9A46415613BA0004A7645 /* JOJSONRequestOperation.m in Sources */,
				6FB9A46515613BA0004A7645 /* JONSString+easyHash.m in Sources */,
				6FB9A46615613BA0004A7645 /* JOClient.m in Sources */,
				6FB9A46715613BA0004A7645 /* JOFriend.m in Sources */,
				6FB9A46815613BA0004A7645 /* JOUser.m in Sources */,
				03E19D8615619AFE008DEF50 /* BearingCore.m in Sources */,
				03E19D8715619AFE008DEF50 /* CompassView.m in Sources */,
				03E19D8815619AFE008DEF50 /* DestinationViewController.m in Sources */,
				03E19D8915619AFE008DEF50 /* Geiger.m in Sources */,
				03E19D8A15619AFE008DEF50 /* Vibrator.m in Sources */,
				6F38AA5E15622BF6000958F0 /* UIImageView+AFNetworking.m in Sources */,
			);
			runOnlyForDeploymentPostprocessing = 0;
		};
		03E84220155810CD00E3C050 /* Sources */ = {
			isa = PBXSourcesBuildPhase;
			buildActionMask = 2147483647;
			files = (
				03E84234155810CD00E3C050 /* Joined_API_iOSTests.m in Sources */,
			);
			runOnlyForDeploymentPostprocessing = 0;
		};
/* End PBXSourcesBuildPhase section */

/* Begin PBXTargetDependency section */
		03E8422B155810CD00E3C050 /* PBXTargetDependency */ = {
			isa = PBXTargetDependency;
			target = 03E84203155810CC00E3C050 /* Joined-API-iOS */;
			targetProxy = 03E8422A155810CD00E3C050 /* PBXContainerItemProxy */;
		};
/* End PBXTargetDependency section */

/* Begin PBXVariantGroup section */
		03E84211155810CC00E3C050 /* InfoPlist.strings */ = {
			isa = PBXVariantGroup;
			children = (
				03E84212155810CC00E3C050 /* en */,
			);
			name = InfoPlist.strings;
			sourceTree = "<group>";
		};
		03E8421D155810CD00E3C050 /* JOViewController.xib */ = {
			isa = PBXVariantGroup;
			children = (
				03E8421E155810CD00E3C050 /* en */,
			);
			name = JOViewController.xib;
			sourceTree = "<group>";
		};
		03E8422F155810CD00E3C050 /* InfoPlist.strings */ = {
			isa = PBXVariantGroup;
			children = (
				03E84230155810CD00E3C050 /* en */,
			);
			name = InfoPlist.strings;
			sourceTree = "<group>";
		};
/* End PBXVariantGroup section */

/* Begin XCBuildConfiguration section */
		03E84235155810CD00E3C050 /* Debug */ = {
			isa = XCBuildConfiguration;
			buildSettings = {
				ALWAYS_SEARCH_USER_PATHS = NO;
				ARCHS = "$(ARCHS_STANDARD_32_BIT)";
				CLANG_ENABLE_OBJC_ARC = YES;
				"CODE_SIGN_IDENTITY[sdk=iphoneos*]" = "iPhone Developer";
				COPY_PHASE_STRIP = NO;
				GCC_C_LANGUAGE_STANDARD = gnu99;
				GCC_DYNAMIC_NO_PIC = NO;
				GCC_OPTIMIZATION_LEVEL = 0;
				GCC_PREPROCESSOR_DEFINITIONS = (
					"DEBUG=1",
					"$(inherited)",
				);
				GCC_SYMBOLS_PRIVATE_EXTERN = NO;
				GCC_VERSION = com.apple.compilers.llvm.clang.1_0;
				GCC_WARN_ABOUT_RETURN_TYPE = YES;
				GCC_WARN_UNINITIALIZED_AUTOS = YES;
				GCC_WARN_UNUSED_VARIABLE = YES;
				IPHONEOS_DEPLOYMENT_TARGET = 5.0;
				SDKROOT = iphoneos;
			};
			name = Debug;
		};
		03E84236155810CD00E3C050 /* Release */ = {
			isa = XCBuildConfiguration;
			buildSettings = {
				ALWAYS_SEARCH_USER_PATHS = NO;
				ARCHS = "$(ARCHS_STANDARD_32_BIT)";
				CLANG_ENABLE_OBJC_ARC = YES;
				"CODE_SIGN_IDENTITY[sdk=iphoneos*]" = "iPhone Developer";
				COPY_PHASE_STRIP = YES;
				GCC_C_LANGUAGE_STANDARD = gnu99;
				GCC_VERSION = com.apple.compilers.llvm.clang.1_0;
				GCC_WARN_ABOUT_RETURN_TYPE = YES;
				GCC_WARN_UNINITIALIZED_AUTOS = YES;
				GCC_WARN_UNUSED_VARIABLE = YES;
				IPHONEOS_DEPLOYMENT_TARGET = 5.0;
				OTHER_CFLAGS = "-DNS_BLOCK_ASSERTIONS=1";
				SDKROOT = iphoneos;
				VALIDATE_PRODUCT = YES;
			};
			name = Release;
		};
		03E84238155810CD00E3C050 /* Debug */ = {
			isa = XCBuildConfiguration;
			buildSettings = {
				GCC_PRECOMPILE_PREFIX_HEADER = YES;
				GCC_PREFIX_HEADER = "Joined-API-iOS/Joined-API-iOS-Prefix.pch";
				INFOPLIST_FILE = "Joined-API-iOS/Joined-API-iOS-Info.plist";
				IPHONEOS_DEPLOYMENT_TARGET = 5.0;
				PRODUCT_NAME = "$(TARGET_NAME)";
				TARGETED_DEVICE_FAMILY = 1;
				WRAPPER_EXTENSION = app;
			};
			name = Debug;
		};
		03E84239155810CD00E3C050 /* Release */ = {
			isa = XCBuildConfiguration;
			buildSettings = {
				GCC_PRECOMPILE_PREFIX_HEADER = YES;
				GCC_PREFIX_HEADER = "Joined-API-iOS/Joined-API-iOS-Prefix.pch";
				INFOPLIST_FILE = "Joined-API-iOS/Joined-API-iOS-Info.plist";
				IPHONEOS_DEPLOYMENT_TARGET = 5.0;
				PRODUCT_NAME = "$(TARGET_NAME)";
				TARGETED_DEVICE_FAMILY = 1;
				WRAPPER_EXTENSION = app;
			};
			name = Release;
		};
		03E8423B155810CD00E3C050 /* Debug */ = {
			isa = XCBuildConfiguration;
			buildSettings = {
				BUNDLE_LOADER = "$(BUILT_PRODUCTS_DIR)/Joined-API-iOS.app/Joined-API-iOS";
				FRAMEWORK_SEARCH_PATHS = (
					"$(SDKROOT)/Developer/Library/Frameworks",
					"$(DEVELOPER_LIBRARY_DIR)/Frameworks",
				);
				GCC_PRECOMPILE_PREFIX_HEADER = YES;
				GCC_PREFIX_HEADER = "Joined-API-iOS/Joined-API-iOS-Prefix.pch";
				INFOPLIST_FILE = "Joined-API-iOSTests/Joined-API-iOSTests-Info.plist";
				PRODUCT_NAME = "$(TARGET_NAME)";
				TEST_HOST = "$(BUNDLE_LOADER)";
				WRAPPER_EXTENSION = octest;
			};
			name = Debug;
		};
		03E8423C155810CD00E3C050 /* Release */ = {
			isa = XCBuildConfiguration;
			buildSettings = {
				BUNDLE_LOADER = "$(BUILT_PRODUCTS_DIR)/Joined-API-iOS.app/Joined-API-iOS";
				FRAMEWORK_SEARCH_PATHS = (
					"$(SDKROOT)/Developer/Library/Frameworks",
					"$(DEVELOPER_LIBRARY_DIR)/Frameworks",
				);
				GCC_PRECOMPILE_PREFIX_HEADER = YES;
				GCC_PREFIX_HEADER = "Joined-API-iOS/Joined-API-iOS-Prefix.pch";
				INFOPLIST_FILE = "Joined-API-iOSTests/Joined-API-iOSTests-Info.plist";
				PRODUCT_NAME = "$(TARGET_NAME)";
				TEST_HOST = "$(BUNDLE_LOADER)";
				WRAPPER_EXTENSION = octest;
			};
			name = Release;
		};
/* End XCBuildConfiguration section */

/* Begin XCConfigurationList section */
		03E841FE155810CC00E3C050 /* Build configuration list for PBXProject "Joined-API-iOS" */ = {
			isa = XCConfigurationList;
			buildConfigurations = (
				03E84235155810CD00E3C050 /* Debug */,
				03E84236155810CD00E3C050 /* Release */,
			);
			defaultConfigurationIsVisible = 0;
			defaultConfigurationName = Release;
		};
		03E84237155810CD00E3C050 /* Build configuration list for PBXNativeTarget "Joined-API-iOS" */ = {
			isa = XCConfigurationList;
			buildConfigurations = (
				03E84238155810CD00E3C050 /* Debug */,
				03E84239155810CD00E3C050 /* Release */,
			);
			defaultConfigurationIsVisible = 0;
			defaultConfigurationName = Release;
		};
		03E8423A155810CD00E3C050 /* Build configuration list for PBXNativeTarget "Joined-API-iOSTests" */ = {
			isa = XCConfigurationList;
			buildConfigurations = (
				03E8423B155810CD00E3C050 /* Debug */,
				03E8423C155810CD00E3C050 /* Release */,
			);
			defaultConfigurationIsVisible = 0;
			defaultConfigurationName = Release;
		};
/* End XCConfigurationList section */
	};
	rootObject = 03E841FB155810CC00E3C050 /* Project object */;
}
